Microsoft Visual Studio Solution File, Format Version 12.00
# Visual Studio Version 18
VisualStudioVersion = 18.3.11429.125 d18.3
MinimumVisualStudioVersion = 10.0.40219.1
Project("{9A19103F-16F7-4668-BE54-9A1E7A4F7556}") = "MGM.MediaServices.Api", "src\MGM.MediaServices.Api\MGM.MediaServices.Api.csproj", "{A1B2C3D4-E5F6-7890-ABCD-EF1234567890}"
EndProject
Project("{9A19103F-16F7-4668-BE54-9A1E7A4F7556}") = "MGM.MediaServices.Core", "src\MGM.MediaServices.Core\MGM.MediaServices.Core.csproj", "{5D170DBD-EE9C-4393-8354-034623CCA401}"
EndProject
Project("{9A19103F-16F7-4668-BE54-9A1E7A4F7556}") = "MGM.MediaServices.Worker", "src\MGM.MediaServices.Worker\MGM.MediaServices.Worker.csproj", "{F06946CA-249E-4015-88A8-D950F2BF05D1}"
EndProject
Project("{9A19103F-16F7-4668-BE54-9A1E7A4F7556}") = "MGM.MediaServices.Tests", "src\MGM.MediaServices.Tests\MGM.MediaServices.Tests.csproj", "{0FA6464C-5E62-4C6C-A0CC-CACF58228D51}"
EndProject
Global
	GlobalSection(SolutionConfigurationPlatforms) = preSolution
		Debug|Any CPU = Debug|Any CPU
		Release|Any CPU = Release|Any CPU
	EndGlobalSection
	GlobalSection(ProjectConfigurationPlatforms) = postSolution
		{A1B2C3D4-E5F6-7890-ABCD-EF1234567890}.Debug|Any CPU.ActiveCfg = Debug|Any CPU
		{A1B2C3D4-E5F6-7890-ABCD-EF1234567890}.Debug|Any CPU.Build.0 = Debug|Any CPU
		{A1B2C3D4-E5F6-7890-ABCD-EF1234567890}.Release|Any CPU.ActiveCfg = Release|Any CPU
		{A1B2C3D4-E5F6-7890-ABCD-EF1234567890}.Release|Any CPU.Build.0 = Release|Any CPU
		{5D170DBD-EE9C-4393-8354-034623CCA401}.Debug|Any CPU.ActiveCfg = Debug|Any CPU
		{5D170DBD-EE9C-4393-8354-034623CCA401}.Debug|Any CPU.Build.0 = Debug|Any CPU
		{5D170DBD-EE9C-4393-8354-034623CCA401}.Release|Any CPU.ActiveCfg = Release|Any CPU
		{5D170DBD-EE9C-4393-8354-034623CCA401}.Release|Any CPU.Build.0 = Release|Any CPU
		{F06946CA-249E-4015-88A8-D950F2BF05D1}.Debug|Any CPU.ActiveCfg = Debug|Any CPU
		{F06946CA-249E-4015-88A8-D950F2BF05D1}.Debug|Any CPU.Build.0 = Debug|Any CPU
		{F06946CA-249E-4015-88A8-D950F2BF05D1}.Release|Any CPU.ActiveCfg = Release|Any CPU
		{F06946CA-249E-4015-88A8-D950F2BF05D1}.Release|Any CPU.Build.0 = Release|Any CPU
		{0FA6464C-5E62-4C6C-A0CC-CACF58228D51}.Debug|Any CPU.ActiveCfg = Debug|Any CPU
		{0FA6464C-5E62-4C6C-A0CC-CACF58228D51}.Debug|Any CPU.Build.0 = Debug|Any CPU
		{0FA6464C-5E62-4C6C-A0CC-CACF58228D51}.Release|Any CPU.ActiveCfg = Release|Any CPU
		{0FA6464C-5E62-4C6C-A0CC-CACF58228D51}.Release|Any CPU.Build.0 = Release|Any CPU
	EndGlobalSection
	GlobalSection(SolutionProperties) = preSolution
		HideSolutionNode = FALSE
	EndGlobalSection
EndGlobal
